
Microsoft Visual Studio Solution File, Format Version 12.00
# Visual Studio Version 18
VisualStudioVersion = 18.0.11217.181 d18.0
MinimumVisualStudioVersion = 10.0.40219.1
Project("{8BC9CEB8-8B4A-11D0-8D11-00A0C91BC942}") = "My_Game_TPro", "My_Game_TPro\My_Game_TPro.vcxproj", "{AED4674C-612B-4388-AF4A-40F325EA929A}"
EndProject
Project("{8BC9CEB8-8B4A-11D0-8D11-00A0C91BC942}") = "My_Game_Launcher_TPro", "My_Game_Launcher_TPro\My_Game_Launcher_TPro.vcxproj", "{35E91EF2-B693-46BF-829B-E487310A8238}"
EndProject
Project("{930C7802-8A8C-48F9-8165-68863BCCD9DD}") = "WIX_MAKE_INSTALL", "WIX_MAKE_INSTALL\WIX_MAKE_INSTALL.wixproj", "{78154C4B-6130-4A69-B26C-141E81345B1D}"
EndProject
Global
	GlobalSection(SolutionConfigurationPlatforms) = preSolution
		Debug|x64 = Debug|x64
		Debug|x86 = Debug|x86
		Release|x64 = Release|x64
		Release|x86 = Release|x86
	EndGlobalSection
	GlobalSection(ProjectConfigurationPlatforms) = postSolution
		{AED4674C-612B-4388-AF4A-40F325EA929A}.Debug|x64.ActiveCfg = Debug|x64
		{AED4674C-612B-4388-AF4A-40F325EA929A}.Debug|x64.Build.0 = Debug|x64
		{AED4674C-612B-4388-AF4A-40F325EA929A}.Debug|x86.ActiveCfg = Debug|Win32
		{AED4674C-612B-4388-AF4A-40F325EA929A}.Debug|x86.Build.0 = Debug|Win32
		{AED4674C-612B-4388-AF4A-40F325EA929A}.Release|x64.ActiveCfg = Release|x64
		{AED4674C-612B-4388-AF4A-40F325EA929A}.Release|x64.Build.0 = Release|x64
		{AED4674C-612B-4388-AF4A-40F325EA929A}.Release|x86.ActiveCfg = Release|Win32
		{AED4674C-612B-4388-AF4A-40F325EA929A}.Release|x86.Build.0 = Release|Win32
		{35E91EF2-B693-46BF-829B-E487310A8238}.Debug|x64.ActiveCfg = Debug|x64
		{35E91EF2-B693-46BF-829B-E487310A8238}.Debug|x64.Build.0 = Debug|x64
		{35E91EF2-B693-46BF-829B-E487310A8238}.Debug|x86.ActiveCfg = Debug|Win32
		{35E91EF2-B693-46BF-829B-E487310A8238}.Debug|x86.Build.0 = Debug|Win32
		{35E91EF2-B693-46BF-829B-E487310A8238}.Release|x64.ActiveCfg = Release|x64
		{35E91EF2-B693-46BF-829B-E487310A8238}.Release|x64.Build.0 = Release|x64
		{35E91EF2-B693-46BF-829B-E487310A8238}.Release|x86.ActiveCfg = Release|Win32
		{35E91EF2-B693-46BF-829B-E487310A8238}.Release|x86.Build.0 = Release|Win32
		{78154C4B-6130-4A69-B26C-141E81345B1D}.Debug|x64.ActiveCfg = Debug|x86
		{78154C4B-6130-4A69-B26C-141E81345B1D}.Debug|x64.Build.0 = Debug|x86
		{78154C4B-6130-4A69-B26C-141E81345B1D}.Debug|x86.ActiveCfg = Debug|x86
		{78154C4B-6130-4A69-B26C-141E81345B1D}.Debug|x86.Build.0 = Debug|x86
		{78154C4B-6130-4A69-B26C-141E81345B1D}.Release|x64.ActiveCfg = Release|x86
		{78154C4B-6130-4A69-B26C-141E81345B1D}.Release|x64.Build.0 = Release|x86
		{78154C4B-6130-4A69-B26C-141E81345B1D}.Release|x86.ActiveCfg = Release|x86
		{78154C4B-6130-4A69-B26C-141E81345B1D}.Release|x86.Build.0 = Release|x86
	EndGlobalSection
	GlobalSection(SolutionProperties) = preSolution
		HideSolutionNode = FALSE
	EndGlobalSection
	GlobalSection(ExtensibilityGlobals) = postSolution
		SolutionGuid = {5A7939A6-26C1-4084-B730-9FEF4DB02E52}
	EndGlobalSection
EndGlobal
