<?xml version="1.0" encoding="utf-8"?>
<Project ToolsVersion="4.0" xmlns="http://schemas.microsoft.com/developer/msbuild/2003">
  <ItemGroup>
    <Filter Include="Documentation">
      <UniqueIdentifier>{587db0dd-56b0-4c3f-8ea2-4d19a65e1d6d}</UniqueIdentifier>
    </Filter>
    <Filter Include="Documentation\ForGame">
      <UniqueIdentifier>{8178e77b-3a8e-49af-befc-4e955627d73e}</UniqueIdentifier>
    </Filter>
    <Filter Include="Documentation\ForInstruments">
      <UniqueIdentifier>{3d6967f9-0699-46e4-bd61-6423ad06b702}</UniqueIdentifier>
    </Filter>
    <Filter Include="SourseCode">
      <UniqueIdentifier>{4FC737F1-C7A5-4376-A066-2A32D752A2FF}</UniqueIdentifier>
      <Extensions>cpp;c;cc;cxx;c++;cppm;ixx;def;odl;idl;hpj;bat;asm;asmx</Extensions>
    </Filter>
    <Filter Include="Libray">
      <UniqueIdentifier>{67DA6AB6-F800-4c08-8B7A-83BB121AAD01}</UniqueIdentifier>
      <Extensions>rc;ico;cur;bmp;dlg;rc2;rct;bin;rgs;gif;jpg;jpeg;jpe;resx;tiff;tif;png;wav;mfcribbon-ms</Extensions>
    </Filter>
    <Filter Include="Textures">
      <UniqueIdentifier>{633e9042-98a0-4939-805b-8e611b8f6155}</UniqueIdentifier>
    </Filter>
    <Filter Include="Textures\img">
      <UniqueIdentifier>{24c20259-6271-461f-ba90-cbd657c5ce1d}</UniqueIdentifier>
    </Filter>
    <Filter Include="Textures\gif">
      <UniqueIdentifier>{76b09eb7-bb97-4d4d-82d2-da3e8a569035}</UniqueIdentifier>
    </Filter>
    <Filter Include="Configs">
      <UniqueIdentifier>{2bd47455-becb-4100-9b94-24d877b48e67}</UniqueIdentifier>
    </Filter>
    <Filter Include="Textures\debug">
      <UniqueIdentifier>{144defc4-db41-4a0a-8cad-7b7ed7d81911}</UniqueIdentifier>
    </Filter>
    <Filter Include="Textures\video">
      <UniqueIdentifier>{6a59c622-71e4-4053-8282-3f16a713e941}</UniqueIdentifier>
    </Filter>
    <Filter Include="Header">
      <UniqueIdentifier>{93995380-89BD-4b04-88EB-625FBE52EBFB}</UniqueIdentifier>
      <Extensions>h;hh;hpp;hxx;h++;hm;inl;inc;ipp;xsd</Extensions>
    </Filter>
    <Filter Include="Textures\img\tower">
      <UniqueIdentifier>{a35c8f8c-2265-4b87-a42d-d0cfa3693531}</UniqueIdentifier>
    </Filter>
    <Filter Include="Textures\img\virus">
      <UniqueIdentifier>{827ba63b-3094-4eb1-969b-e3fd7414115b}</UniqueIdentifier>
    </Filter>
    <Filter Include="Textures\img\bullet">
      <UniqueIdentifier>{6f2cac96-2fff-41be-aad0-f1ae9901bac1}</UniqueIdentifier>
    </Filter>
    <Filter Include="sound">
      <UniqueIdentifier>{83e0058e-684f-4ebd-868a-da5fa83c2ff3}</UniqueIdentifier>
    </Filter>
    <Filter Include="sound\source">
      <UniqueIdentifier>{4716f792-419f-4db4-a2ec-c4a650f628a6}</UniqueIdentifier>
    </Filter>
  </ItemGroup>
  <ItemGroup>
    <ClCompile Include="main.cpp">
      <Filter>SourseCode</Filter>
    </ClCompile>
    <ClCompile Include="game.cpp">
      <Filter>SourseCode</Filter>
    </ClCompile>
    <ClCompile Include="functions.cpp">
      <Filter>SourseCode</Filter>
    </ClCompile>
  </ItemGroup>
  <ItemGroup>
    <None Include="info\instrumentDoc\json.md">
      <Filter>Documentation\ForInstruments</Filter>
    </None>
    <None Include="info\instrumentDoc\sfml.md">
      <Filter>Documentation\ForInstruments</Filter>
    </None>
    <None Include="info\instrumentDoc\markDown.md">
      <Filter>Documentation\ForInstruments</Filter>
    </None>
    <None Include="info\gameDoc\description.md">
      <Filter>Documentation\ForGame</Filter>
    </None>
    <None Include="config\settings.json">
      <Filter>Configs</Filter>
    </None>
    <None Include="config\score.json">
      <Filter>Configs</Filter>
    </None>
    <None Include="sound\die.ogg">
      <Filter>sound</Filter>
    </None>
    <None Include="sound\procDamage.ogg">
      <Filter>sound</Filter>
    </None>
    <None Include="sound\shoot01.ogg">
      <Filter>sound</Filter>
    </None>
    <None Include="sound\round3.ogg">
      <Filter>sound</Filter>
    </None>
    <None Include="sound\round2.ogg">
      <Filter>sound</Filter>
    </None>
    <None Include="sound\round1.ogg">
      <Filter>sound</Filter>
    </None>
    <None Include="sound\victory.ogg">
      <Filter>sound</Filter>
    </None>
    <None Include="sound\haha.ogg">
      <Filter>sound</Filter>
    </None>
    <None Include="sound\towerSpawn.ogg">
      <Filter>sound</Filter>
    </None>
  </ItemGroup>
  <ItemGroup>
    <ClInclude Include="game.h">
      <Filter>Header</Filter>
    </ClInclude>
    <ClInclude Include="functions.h">
      <Filter>Header</Filter>
    </ClInclude>
  </ItemGroup>
  <ItemGroup>
    <Image Include="textures\debug\base.png">
      <Filter>Textures\debug</Filter>
    </Image>
    <Image Include="textures\debug\test1.png">
      <Filter>Textures\debug</Filter>
    </Image>
    <Image Include="textures\img\avast.png">
      <Filter>Textures\img\tower</Filter>
    </Image>
    <Image Include="textures\img\basic.png">
      <Filter>Textures\img\virus</Filter>
    </Image>
    <Image Include="textures\img\BOSS.png">
      <Filter>Textures\img\virus</Filter>
    </Image>
    <Image Include="textures\img\defender.png">
      <Filter>Textures\img\tower</Filter>
    </Image>
    <Image Include="textures\img\dr web.png">
      <Filter>Textures\img\tower</Filter>
    </Image>
    <Image Include="textures\img\fast.png">
      <Filter>Textures\img\virus</Filter>
    </Image>
    <Image Include="textures\img\kaspersky.png">
      <Filter>Textures\img\tower</Filter>
    </Image>
    <Image Include="textures\img\miniBoss.png">
      <Filter>Textures\img\virus</Filter>
    </Image>
    <Image Include="textures\img\miniBoss2.png">
      <Filter>Textures\img\virus</Filter>
    </Image>
    <Image Include="textures\img\tank.png">
      <Filter>Textures\img\virus</Filter>
    </Image>
    <Image Include="textures\img\tower-d.png">
      <Filter>Textures\img\tower</Filter>
    </Image>
    <Image Include="textures\img\virus-d.png">
      <Filter>Textures\img\virus</Filter>
    </Image>
    <Image Include="textures\img\bullkaspersky.gif">
      <Filter>Textures\gif</Filter>
    </Image>
    <Image Include="textures\img\bullavast.gif">
      <Filter>Textures\gif</Filter>
    </Image>
    <Image Include="textures\img\bulldefender.gif">
      <Filter>Textures\gif</Filter>
    </Image>
    <Image Include="textures\img\bulldrweb.gif">
      <Filter>Textures\gif</Filter>
    </Image>
    <Image Include="textures\img\bullavast.png">
      <Filter>Textures\img\bullet</Filter>
    </Image>
    <Image Include="textures\img\bulldefender.png">
      <Filter>Textures\img\bullet</Filter>
    </Image>
    <Image Include="textures\img\bulldrweb.png">
      <Filter>Textures\img\bullet</Filter>
    </Image>
    <Image Include="textures\img\bullkaspersky.png">
      <Filter>Textures\img\bullet</Filter>
    </Image>
    <Image Include="textures\img\icongame.png">
      <Filter>Textures\img</Filter>
    </Image>
    <Image Include="textures\img\select.png">
      <Filter>Textures\img</Filter>
    </Image>
  </ItemGroup>
  <ItemGroup>
    <Media Include="sound\__doubleShoot.mp3">
      <Filter>sound</Filter>
    </Media>
    <Media Include="sound\__manyShoot.mp3">
      <Filter>sound</Filter>
    </Media>
    <Media Include="sound\forMaxPrivetstvie.mp3">
      <Filter>sound</Filter>
    </Media>
    <Media Include="sound\forMaxStartGame.mp3">
      <Filter>sound</Filter>
    </Media>
    <Media Include="sound\shoot01.mp3">
      <Filter>sound</Filter>
    </Media>
    <Media Include="sound\shoot02.mp3">
      <Filter>sound</Filter>
    </Media>
    <Media Include="sound\source\(поражение) ist oficial, you suck.mp3">
      <Filter>sound\source</Filter>
    </Media>
    <Media Include="sound\source\__doubleShoot.mp3">
      <Filter>sound\source</Filter>
    </Media>
    <Media Include="sound\source\__manyShoot.mp3">
      <Filter>sound\source</Filter>
    </Media>
    <Media Include="sound\source\forMaxPrivetstvie.mp3">
      <Filter>sound\source</Filter>
    </Media>
    <Media Include="sound\source\forMaxStartGame.mp3">
      <Filter>sound\source</Filter>
    </Media>
    <Media Include="sound\source\shoot01.mp3">
      <Filter>sound\source</Filter>
    </Media>
    <Media Include="sound\source\shoot02.mp3">
      <Filter>sound\source</Filter>
    </Media>
    <Media Include="sound\source\раунд 1.mp3">
      <Filter>sound\source</Filter>
    </Media>
    <Media Include="sound\source\раунд 2.mp3">
      <Filter>sound\source</Filter>
    </Media>
    <Media Include="sound\source\раунд 3.mp3">
      <Filter>sound\source</Filter>
    </Media>
    <Media Include="sound\source\смех.mp3">
      <Filter>sound\source</Filter>
    </Media>
    <Media Include="sound\source\чистая победа.mp3">
      <Filter>sound\source</Filter>
    </Media>
  </ItemGroup>
</Project>